
Microsoft Visual Studio Solution File, Format Version 12.00
# Visual Studio Version 17
VisualStudioVersion = 17.9.34728.123
MinimumVisualStudioVersion = 10.0.40219.1
Project("{FAE04EC0-301F-11D3-BF4B-00C04F79EFBC}") = "TicTacToy", "TicTacToy\TicTacToy.csproj", "{2599B3F6-6BCC-43F1-A745-A384D3A7A816}"
EndProject
Global
	GlobalSection(SolutionConfigurationPlatforms) = preSolution
		Debug|Any CPU = Debug|Any CPU
		Release|Any CPU = Release|Any CPU
	EndGlobalSection
	GlobalSection(ProjectConfigurationPlatforms) = postSolution
		{2599B3F6-6BCC-43F1-A745-A384D3A7A816}.Debug|Any CPU.ActiveCfg = Debug|Any CPU
		{2599B3F6-6BCC-43F1-A745-A384D3A7A816}.Debug|Any CPU.Build.0 = Debug|Any CPU
		{2599B3F6-6BCC-43F1-A745-A384D3A7A816}.Release|Any CPU.ActiveCfg = Release|Any CPU
		{2599B3F6-6BCC-43F1-A745-A384D3A7A816}.Release|Any CPU.Build.0 = Release|Any CPU
	EndGlobalSection
	GlobalSection(SolutionProperties) = preSolution
		HideSolutionNode = FALSE
	EndGlobalSection
	GlobalSection(ExtensibilityGlobals) = postSolution
		SolutionGuid = {2CF30510-2D66-4F7E-A756-46A49EF55CE3}
	EndGlobalSection
EndGlobal
